// !$*UTF8*$!
{
	archiveVersion = 1;
	classes = {
	};
	objectVersion = 42;
	objects = {

/* Begin PBXBuildFile section */
		530A42EB12666535002B0D5A /* MyCollectionViewItem.m in Sources */ = {isa = PBXBuildFile; fileRef = 530A42EA12666535002B0D5A /* MyCollectionViewItem.m */; };
		532C1838127786A4006845CF /* CollectionItemView.xib in Resources */ = {isa = PBXBuildFile; fileRef = 532C1836127786A4006845CF /* CollectionItemView.xib */; };
		532C183B127786B3006845CF /* IconView.xib in Resources */ = {isa = PBXBuildFile; fileRef = 532C1839127786B3006845CF /* IconView.xib */; };
		532C183E127786CE006845CF /* MainMenu.xib in Resources */ = {isa = PBXBuildFile; fileRef = 532C183C127786CE006845CF /* MainMenu.xib */; };
		532C1841127786E2006845CF /* MainWindow.xib in Resources */ = {isa = PBXBuildFile; fileRef = 532C183F127786E2006845CF /* MainWindow.xib */; };
		536404AA1059888500CDEDA4 /* ReadMe.txt in Resources */ = {isa = PBXBuildFile; fileRef = 536404A91059888500CDEDA4 /* ReadMe.txt */; };
		536B9C79127216DD0002B0B9 /* InfoPlist.strings in Resources */ = {isa = PBXBuildFile; fileRef = 536B9C77127216DD0002B0B9 /* InfoPlist.strings */; };
		536B9C7C127216E50002B0B9 /* Credits.rtf in Resources */ = {isa = PBXBuildFile; fileRef = 536B9C7A127216E50002B0B9 /* Credits.rtf */; };
		53CB476D0C60DC4E0044E011 /* IconViewController.m in Sources */ = {isa = PBXBuildFile; fileRef = 53CB476B0C60DC4E0044E011 /* IconViewController.m */; };
		53CC47720ABB251700F70973 /* MyWindowController.m in Sources */ = {isa = PBXBuildFile; fileRef = 53CC47700ABB251700F70973 /* MyWindowController.m */; };
		53D509200CEB665C00988418 /* TrackingView.m in Sources */ = {isa = PBXBuildFile; fileRef = 53D5091E0CEB665C00988418 /* TrackingView.m */; };
		53D882A00C92034E005CE656 /* NSEventExtras.m in Sources */ = {isa = PBXBuildFile; fileRef = 53D8829E0C92034E005CE656 /* NSEventExtras.m */; };
		53DB3CD00AD6F948003EECBD /* AppDelegate.m in Sources */ = {isa = PBXBuildFile; fileRef = 53DB3CCF0AD6F948003EECBD /* AppDelegate.m */; };
		8D11072D0486CEB800E47090 /* main.m in Sources */ = {isa = PBXBuildFile; fileRef = 29B97316FDCFA39411CA2CEA /* main.m */; settings = {ATTRIBUTES = (); }; };
		8D11072F0486CEB800E47090 /* Cocoa.framework in Frameworks */ = {isa = PBXBuildFile; fileRef = 1058C7A1FEA54F0111CA2CBB /* Cocoa.framework */; };
/* End PBXBuildFile section */

/* Begin PBXFileReference section */
		1058C7A1FEA54F0111CA2CBB /* Cocoa.framework */ = {isa = PBXFileReference; lastKnownFileType = wrapper.framework; name = Cocoa.framework; path = /System/Library/Frameworks/Cocoa.framework; sourceTree = "<absolute>"; };
		29B97316FDCFA39411CA2CEA /* main.m */ = {isa = PBXFileReference; fileEncoding = 4; lastKnownFileType = sourcecode.c.objc; path = main.m; sourceTree = "<group>"; };
		29B97324FDCFA39411CA2CEA /* AppKit.framework */ = {isa = PBXFileReference; lastKnownFileType = wrapper.framework; name = AppKit.framework; path = /System/Library/Frameworks/AppKit.framework; sourceTree = "<absolute>"; };
		29B97325FDCFA39411CA2CEA /* Foundation.framework */ = {isa = PBXFileReference; lastKnownFileType = wrapper.framework; name = Foundation.framework; path = /System/Library/Frameworks/Foundation.framework; sourceTree = "<absolute>"; };
		530A42E912666535002B0D5A /* MyCollectionViewItem.h */ = {isa = PBXFileReference; fileEncoding = 4; lastKnownFileType = sourcecode.c.h; path = MyCollectionViewItem.h; sourceTree = "<group>"; };
		530A42EA12666535002B0D5A /* MyCollectionViewItem.m */ = {isa = PBXFileReference; fileEncoding = 4; lastKnownFileType = sourcecode.c.objc; path = MyCollectionViewItem.m; sourceTree = "<group>"; };
		532C1837127786A4006845CF /* en */ = {isa = PBXFileReference; lastKnownFileType = file.xib; name = en; path = en.lproj/CollectionItemView.xib; sourceTree = "<group>"; };
		532C183A127786B3006845CF /* en */ = {isa = PBXFileReference; lastKnownFileType = file.xib; name = en; path = en.lproj/IconView.xib; sourceTree = "<group>"; };
		532C183D127786CE006845CF /* en */ = {isa = PBXFileReference; lastKnownFileType = file.xib; name = en; path = en.lproj/MainMenu.xib; sourceTree = "<group>"; };
		532C1840127786E2006845CF /* en */ = {isa = PBXFileReference; lastKnownFileType = file.xib; name = en; path = en.lproj/MainWindow.xib; sourceTree = "<group>"; };
		536404A91059888500CDEDA4 /* ReadMe.txt */ = {isa = PBXFileReference; fileEncoding = 4; lastKnownFileType = text; path = ReadMe.txt; sourceTree = "<group>"; };
		536B9C78127216DD0002B0B9 /* en */ = {isa = PBXFileReference; fileEncoding = 4; lastKnownFileType = text.plist.strings; name = en; path = en.lproj/InfoPlist.strings; sourceTree = "<group>"; };
		536B9C7B127216E50002B0B9 /* en */ = {isa = PBXFileReference; lastKnownFileType = text.rtf; name = en; path = en.lproj/Credits.rtf; sourceTree = "<group>"; };
		53CB476A0C60DC4E0044E011 /* IconViewController.h */ = {isa = PBXFileReference; fileEncoding = 4; lastKnownFileType = sourcecode.c.h; path = IconViewController.h; sourceTree = "<group>"; };
		53CB476B0C60DC4E0044E011 /* IconViewController.m */ = {isa = PBXFileReference; fileEncoding = 4; lastKnownFileType = sourcecode.c.objc; path = IconViewController.m; sourceTree = "<group>"; };
		53CC47700ABB251700F70973 /* MyWindowController.m */ = {isa = PBXFileReference; fileEncoding = 30; lastKnownFileType = sourcecode.c.objc; path = MyWindowController.m; sourceTree = "<group>"; };
		53CC47710ABB251700F70973 /* MyWindowController.h */ = {isa = PBXFileReference; fileEncoding = 30; lastKnownFileType = sourcecode.c.h; path = MyWindowController.h; sourceTree = "<group>"; };
		53D5091E0CEB665C00988418 /* TrackingView.m */ = {isa = PBXFileReference; fileEncoding = 4; lastKnownFileType = sourcecode.c.objc; path = TrackingView.m; sourceTree = "<group>"; };
		53D5091F0CEB665C00988418 /* TrackingView.h */ = {isa = PBXFileReference; fileEncoding = 4; lastKnownFileType = sourcecode.c.h; path = TrackingView.h; sourceTree = "<group>"; };
		53D8829E0C92034E005CE656 /* NSEventExtras.m */ = {isa = PBXFileReference; fileEncoding = 4; lastKnownFileType = sourcecode.c.objc; path = NSEventExtras.m; sourceTree = "<group>"; };
		53D8829F0C92034E005CE656 /* NSEventExtras.h */ = {isa = PBXFileReference; fileEncoding = 4; lastKnownFileType = sourcecode.c.h; path = NSEventExtras.h; sourceTree = "<group>"; };
		53D882B40C9204F6005CE656 /* Choices.h */ = {isa = PBXFileReference; fileEncoding = 4; lastKnownFileType = sourcecode.c.h; path = Choices.h; sourceTree = "<group>"; };
		53DB3CCE0AD6F948003EECBD /* AppDelegate.h */ = {isa = PBXFileReference; fileEncoding = 30; lastKnownFileType = sourcecode.c.h; path = AppDelegate.h; sourceTree = "<group>"; };
		53DB3CCF0AD6F948003EECBD /* AppDelegate.m */ = {isa = PBXFileReference; fileEncoding = 30; lastKnownFileType = sourcecode.c.objc; path = AppDelegate.m; sourceTree = "<group>"; };
		53E5B1B10B6021EF0087DD13 /* Prefix.pch */ = {isa = PBXFileReference; fileEncoding = 30; lastKnownFileType = sourcecode.c.h; path = Prefix.pch; sourceTree = "<group>"; };
		8D1107310486CEB800E47090 /* Info.plist */ = {isa = PBXFileReference; fileEncoding = 4; lastKnownFileType = text.plist; path = Info.plist; sourceTree = "<group>"; };
		8D1107320486CEB800E47090 /* GridMenu.app */ = {isa = PBXFileReference; explicitFileType = wrapper.application; includeInIndex = 0; path = GridMenu.app; sourceTree = BUILT_PRODUCTS_DIR; };
/* End PBXFileReference section */

/* Begin PBXFrameworksBuildPhase section */
		8D11072E0486CEB800E47090 /* Frameworks */ = {
			isa = PBXFrameworksBuildPhase;
			buildActionMask = 2147483647;
			files = (
				8D11072F0486CEB800E47090 /* Cocoa.framework in Frameworks */,
			);
			runOnlyForDeploymentPostprocessing = 0;
		};
/* End PBXFrameworksBuildPhase section */

/* Begin PBXGroup section */
		1058C7A0FEA54F0111CA2CBB /* Linked Frameworks */ = {
			isa = PBXGroup;
			children = (
				1058C7A1FEA54F0111CA2CBB /* Cocoa.framework */,
			);
			name = "Linked Frameworks";
			sourceTree = "<group>";
		};
		1058C7A2FEA54F0111CA2CBB /* Other Frameworks */ = {
			isa = PBXGroup;
			children = (
				29B97324FDCFA39411CA2CEA /* AppKit.framework */,
				29B97325FDCFA39411CA2CEA /* Foundation.framework */,
			);
			name = "Other Frameworks";
			sourceTree = "<group>";
		};
		19C28FACFE9D520D11CA2CBB /* Products */ = {
			isa = PBXGroup;
			children = (
				8D1107320486CEB800E47090 /* GridMenu.app */,
			);
			name = Products;
			sourceTree = "<group>";
		};
		29B97314FDCFA39411CA2CEA /* TrackIt */ = {
			isa = PBXGroup;
			children = (
				536404A91059888500CDEDA4 /* ReadMe.txt */,
				29B97315FDCFA39411CA2CEA /* Sources */,
				29B97317FDCFA39411CA2CEA /* Resources */,
				29B97323FDCFA39411CA2CEA /* Frameworks */,
				19C28FACFE9D520D11CA2CBB /* Products */,
			);
			name = TrackIt;
			sourceTree = "<group>";
		};
		29B97315FDCFA39411CA2CEA /* Sources */ = {
			isa = PBXGroup;
			children = (
				53E5B1B10B6021EF0087DD13 /* Prefix.pch */,
				29B97316FDCFA39411CA2CEA /* main.m */,
				53DB3CCE0AD6F948003EECBD /* AppDelegate.h */,
				53DB3CCF0AD6F948003EECBD /* AppDelegate.m */,
				53CC47710ABB251700F70973 /* MyWindowController.h */,
				53CC47700ABB251700F70973 /* MyWindowController.m */,
				53CB476A0C60DC4E0044E011 /* IconViewController.h */,
				53CB476B0C60DC4E0044E011 /* IconViewController.m */,
				530A42E912666535002B0D5A /* MyCollectionViewItem.h */,
				530A42EA12666535002B0D5A /* MyCollectionViewItem.m */,
				53D5091F0CEB665C00988418 /* TrackingView.h */,
				53D5091E0CEB665C00988418 /* TrackingView.m */,
				53D882B40C9204F6005CE656 /* Choices.h */,
				53D8829F0C92034E005CE656 /* NSEventExtras.h */,
				53D8829E0C92034E005CE656 /* NSEventExtras.m */,
			);
			name = Sources;
			sourceTree = "<group>";
		};
		29B97317FDCFA39411CA2CEA /* Resources */ = {
			isa = PBXGroup;
			children = (
				532C1836127786A4006845CF /* CollectionItemView.xib */,
				532C1839127786B3006845CF /* IconView.xib */,
				532C183C127786CE006845CF /* MainMenu.xib */,
				532C183F127786E2006845CF /* MainWindow.xib */,
				536B9C7A127216E50002B0B9 /* Credits.rtf */,
				8D1107310486CEB800E47090 /* Info.plist */,
				536B9C77127216DD0002B0B9 /* InfoPlist.strings */,
			);
			name = Resources;
			sourceTree = "<group>";
		};
		29B97323FDCFA39411CA2CEA /* Frameworks */ = {
			isa = PBXGroup;
			children = (
				1058C7A0FEA54F0111CA2CBB /* Linked Frameworks */,
				1058C7A2FEA54F0111CA2CBB /* Other Frameworks */,
			);
			name = Frameworks;
			sourceTree = "<group>";
		};
/* End PBXGroup section */

/* Begin PBXNativeTarget section */
		8D1107260486CEB800E47090 /* GridMenu */ = {
			isa = PBXNativeTarget;
			buildConfigurationList = C01FCF4A08A954540054247B /* Build configuration list for PBXNativeTarget "GridMenu" */;
			buildPhases = (
				8D1107290486CEB800E47090 /* Resources */,
				8D11072C0486CEB800E47090 /* Sources */,
				8D11072E0486CEB800E47090 /* Frameworks */,
			);
			buildRules = (
			);
			dependencies = (
			);
			name = GridMenu;
			productInstallPath = "$(HOME)/Applications";
			productName = TrackIt;
			productReference = 8D1107320486CEB800E47090 /* GridMenu.app */;
			productType = "com.apple.product-type.application";
		};
/* End PBXNativeTarget section */

/* Begin PBXProject section */
		29B97313FDCFA39411CA2CEA /* Project object */ = {
			isa = PBXProject;
			buildConfigurationList = C01FCF4E08A954540054247B /* Build configuration list for PBXProject "GridMenu" */;
			compatibilityVersion = "Xcode 2.4";
			developmentRegion = English;
			hasScannedForEncodings = 1;
			knownRegions = (
				English,
				Japanese,
				French,
				German,
				en,
			);
			mainGroup = 29B97314FDCFA39411CA2CEA /* TrackIt */;
			projectDirPath = "";
			projectRoot = "";
			targets = (
				8D1107260486CEB800E47090 /* GridMenu */,
			);
		};
/* End PBXProject section */

/* Begin PBXResourcesBuildPhase section */
		8D1107290486CEB800E47090 /* Resources */ = {
			isa = PBXResourcesBuildPhase;
			buildActionMask = 2147483647;
			files = (
				536404AA1059888500CDEDA4 /* ReadMe.txt in Resources */,
				536B9C79127216DD0002B0B9 /* InfoPlist.strings in Resources */,
				536B9C7C127216E50002B0B9 /* Credits.rtf in Resources */,
				532C1838127786A4006845CF /* CollectionItemView.xib in Resources */,
				532C183B127786B3006845CF /* IconView.xib in Resources */,
				532C183E127786CE006845CF /* MainMenu.xib in Resources */,
				532C1841127786E2006845CF /* MainWindow.xib in Resources */,
			);
			runOnlyForDeploymentPostprocessing = 0;
		};
/* End PBXResourcesBuildPhase section */

/* Begin PBXSourcesBuildPhase section */
		8D11072C0486CEB800E47090 /* Sources */ = {
			isa = PBXSourcesBuildPhase;
			buildActionMask = 2147483647;
			files = (
				8D11072D0486CEB800E47090 /* main.m in Sources */,
				53CC47720ABB251700F70973 /* MyWindowController.m in Sources */,
				53DB3CD00AD6F948003EECBD /* AppDelegate.m in Sources */,
				53CB476D0C60DC4E0044E011 /* IconViewController.m in Sources */,
				53D882A00C92034E005CE656 /* NSEventExtras.m in Sources */,
				53D509200CEB665C00988418 /* TrackingView.m in Sources */,
				530A42EB12666535002B0D5A /* MyCollectionViewItem.m in Sources */,
			);
			runOnlyForDeploymentPostprocessing = 0;
		};
/* End PBXSourcesBuildPhase section */

/* Begin PBXVariantGroup section */
		532C1836127786A4006845CF /* CollectionItemView.xib */ = {
			isa = PBXVariantGroup;
			children = (
				532C1837127786A4006845CF /* en */,
			);
			name = CollectionItemView.xib;
			sourceTree = "<group>";
		};
		532C1839127786B3006845CF /* IconView.xib */ = {
			isa = PBXVariantGroup;
			children = (
				532C183A127786B3006845CF /* en */,
			);
			name = IconView.xib;
			sourceTree = "<group>";
		};
		532C183C127786CE006845CF /* MainMenu.xib */ = {
			isa = PBXVariantGroup;
			children = (
				532C183D127786CE006845CF /* en */,
			);
			name = MainMenu.xib;
			sourceTree = "<group>";
		};
		532C183F127786E2006845CF /* MainWindow.xib */ = {
			isa = PBXVariantGroup;
			children = (
				532C1840127786E2006845CF /* en */,
			);
			name = MainWindow.xib;
			sourceTree = "<group>";
		};
		536B9C77127216DD0002B0B9 /* InfoPlist.strings */ = {
			isa = PBXVariantGroup;
			children = (
				536B9C78127216DD0002B0B9 /* en */,
			);
			name = InfoPlist.strings;
			sourceTree = "<group>";
		};
		536B9C7A127216E50002B0B9 /* Credits.rtf */ = {
			isa = PBXVariantGroup;
			children = (
				536B9C7B127216E50002B0B9 /* en */,
			);
			name = Credits.rtf;
			sourceTree = "<group>";
		};
/* End PBXVariantGroup section */

/* Begin XCBuildConfiguration section */
		C01FCF4B08A954540054247B /* Debug */ = {
			isa = XCBuildConfiguration;
			buildSettings = {
				ARCHS = "$(ARCHS_STANDARD_32_64_BIT_PRE_XCODE_3_1)";
				ARCHS_STANDARD_32_64_BIT_PRE_XCODE_3_1 = "x86_64 i386 ppc";
				GCC_PREFIX_HEADER = Prefix.pch;
				INFOPLIST_FILE = Info.plist;
				INSTALL_PATH = "$(HOME)/Applications";
				PRODUCT_NAME = GridMenu;
				WRAPPER_EXTENSION = app;
			};
			name = Debug;
		};
		C01FCF4C08A954540054247B /* Release */ = {
			isa = XCBuildConfiguration;
			buildSettings = {
				ARCHS = "$(ARCHS_STANDARD_32_64_BIT_PRE_XCODE_3_1)";
				ARCHS_STANDARD_32_64_BIT_PRE_XCODE_3_1 = "x86_64 i386 ppc";
				GCC_PREFIX_HEADER = Prefix.pch;
				INFOPLIST_FILE = Info.plist;
				INSTALL_PATH = "$(HOME)/Applications";
				PRODUCT_NAME = GridMenu;
				WRAPPER_EXTENSION = app;
			};
			name = Release;
		};
		C01FCF4F08A954540054247B /* Debug */ = {
			isa = XCBuildConfiguration;
			buildSettings = {
				ARCHS = (
					"$(ARCHS_STANDARD_32_BIT)",
					x86_64,
				);
				COPY_PHASE_STRIP = NO;
				DEBUG_INFORMATION_FORMAT = dwarf;
				GCC_DYNAMIC_NO_PIC = NO;
				GCC_ENABLE_FIX_AND_CONTINUE = NO;
				GCC_FAST_OBJC_DISPATCH = NO;
				GCC_GENERATE_DEBUGGING_SYMBOLS = YES;
				GCC_OPTIMIZATION_LEVEL = 0;
				GCC_PRECOMPILE_PREFIX_HEADER = YES;
				GCC_PREPROCESSOR_DEFINITIONS = (
					"$(value)",
					"DEBUG=1",
				);
				GCC_TREAT_WARNINGS_AS_ERRORS = YES;
				GCC_WARN_64_TO_32_BIT_CONVERSION = YES;
				GCC_WARN_ABOUT_MISSING_FIELD_INITIALIZERS = YES;
				GCC_WARN_ABOUT_MISSING_PROTOTYPES = YES;
				GCC_WARN_ABOUT_RETURN_TYPE = YES;
				GCC_WARN_CHECK_SWITCH_STATEMENTS = YES;
				GCC_WARN_EFFECTIVE_CPLUSPLUS_VIOLATIONS = NO;
				GCC_WARN_FOUR_CHARACTER_CONSTANTS = NO;
				GCC_WARN_INITIALIZER_NOT_FULLY_BRACKETED = YES;
				GCC_WARN_MISSING_PARENTHESES = YES;
				GCC_WARN_PEDANTIC = NO;
				GCC_WARN_SHADOW = YES;
				GCC_WARN_SIGN_COMPARE = YES;
				GCC_WARN_TYPECHECK_CALLS_TO_PRINTF = YES;
				GCC_WARN_UNDECLARED_SELECTOR = YES;
				GCC_WARN_UNINITIALIZED_AUTOS = NO;
				GCC_WARN_UNKNOWN_PRAGMAS = YES;
				GCC_WARN_UNUSED_FUNCTION = YES;
				GCC_WARN_UNUSED_LABEL = YES;
				GCC_WARN_UNUSED_PARAMETER = YES;
				GCC_WARN_UNUSED_VALUE = YES;
				GCC_WARN_UNUSED_VARIABLE = YES;
				MACOSX_DEPLOYMENT_TARGET = 10.5;
				ONLY_ACTIVE_ARCH = YES;
				OTHER_CFLAGS = (
					"$(value)",
					"-Wimplicit-function-declaration",
				);
				OTHER_CPLUSPLUSFLAGS = "";
				PREBINDING = NO;
				SDKROOT = "$(DEVELOPER_SDK_DIR)/MacOSX10.6.sdk";
				WARNING_CFLAGS = (
					"-Wall",
					"-Wcast-align",
					"-Wchar-subscripts",
					"-Wextra",
					"-Wextra-tokens",
					"-Wformat=2",
					"-Wpointer-arith",
					"-Wswitch-default",
					"-Wundef",
					"-Wwrite-strings",
				);
				ZERO_LINK = NO;
			};
			name = Debug;
		};
		C01FCF5008A954540054247B /* Release */ = {
			isa = XCBuildConfiguration;
			buildSettings = {
				ARCHS = "$(ARCHS_STANDARD_32_64_BIT_PRE_XCODE_3_1)";
				ARCHS_STANDARD_32_64_BIT_PRE_XCODE_3_1 = "x86_64 i386 ppc";
				COPY_PHASE_STRIP = YES;
				DEBUG_INFORMATION_FORMAT = "dwarf-with-dsym";
				GCC_DYNAMIC_NO_PIC = NO;
				GCC_ENABLE_FIX_AND_CONTINUE = NO;
				GCC_FAST_OBJC_DISPATCH = YES;
				GCC_GENERATE_DEBUGGING_SYMBOLS = NO;
				GCC_OPTIMIZATION_LEVEL = s;
				GCC_PRECOMPILE_PREFIX_HEADER = YES;
				GCC_TREAT_WARNINGS_AS_ERRORS = YES;
				GCC_WARN_64_TO_32_BIT_CONVERSION = YES;
				GCC_WARN_ABOUT_MISSING_FIELD_INITIALIZERS = YES;
				GCC_WARN_ABOUT_RETURN_TYPE = YES;
				GCC_WARN_CHECK_SWITCH_STATEMENTS = YES;
				GCC_WARN_FOUR_CHARACTER_CONSTANTS = NO;
				GCC_WARN_INITIALIZER_NOT_FULLY_BRACKETED = YES;
				GCC_WARN_MISSING_PARENTHESES = YES;
				GCC_WARN_SHADOW = YES;
				GCC_WARN_SIGN_COMPARE = YES;
				GCC_WARN_TYPECHECK_CALLS_TO_PRINTF = YES;
				GCC_WARN_UNDECLARED_SELECTOR = YES;
				GCC_WARN_UNUSED_FUNCTION = YES;
				GCC_WARN_UNUSED_LABEL = YES;
				GCC_WARN_UNUSED_VALUE = YES;
				GCC_WARN_UNUSED_VARIABLE = YES;
				MACOSX_DEPLOYMENT_TARGET = 10.5;
				ONLY_ACTIVE_ARCH = NO;
				PREBINDING = NO;
				RUN_CLANG_STATIC_ANALYZER = YES;
				SDKROOT = "$(DEVELOPER_SDK_DIR)/MacOSX10.6.sdk";
				ZERO_LINK = NO;
			};
			name = Release;
		};
/* End XCBuildConfiguration section */

/* Begin XCConfigurationList section */
		C01FCF4A08A954540054247B /* Build configuration list for PBXNativeTarget "GridMenu" */ = {
			isa = XCConfigurationList;
			buildConfigurations = (
				C01FCF4B08A954540054247B /* Debug */,
				C01FCF4C08A954540054247B /* Release */,
			);
			defaultConfigurationIsVisible = 0;
			defaultConfigurationName = Release;
		};
		C01FCF4E08A954540054247B /* Build configuration list for PBXProject "GridMenu" */ = {
			isa = XCConfigurationList;
			buildConfigurations = (
				C01FCF4F08A954540054247B /* Debug */,
				C01FCF5008A954540054247B /* Release */,
			);
			defaultConfigurationIsVisible = 0;
			defaultConfigurationName = Release;
		};
/* End XCConfigurationList section */
	};
	rootObject = 29B97313FDCFA39411CA2CEA /* Project object */;
}
